
Microsoft Visual Studio Solution File, Format Version 12.00
# Visual Studio 15
VisualStudioVersion = 15.0.28307.645
MinimumVisualStudioVersion = 10.0.40219.1
Project("{FAE04EC0-301F-11D3-BF4B-00C04F79EFBC}") = "RubiksSolver", "RubiksSolver\RubiksSolver.csproj", "{6AC93DAC-AA80-4E75-830F-48EEBED5DD1E}"
EndProject
Global
	GlobalSection(SolutionConfigurationPlatforms) = preSolution
		Debug|Any CPU = Debug|Any CPU
		Release|Any CPU = Release|Any CPU
	EndGlobalSection
	GlobalSection(ProjectConfigurationPlatforms) = postSolution
		{6AC93DAC-AA80-4E75-830F-48EEBED5DD1E}.Debug|Any CPU.ActiveCfg = Debug|Any CPU
		{6AC93DAC-AA80-4E75-830F-48EEBED5DD1E}.Debug|Any CPU.Build.0 = Debug|Any CPU
		{6AC93DAC-AA80-4E75-830F-48EEBED5DD1E}.Release|Any CPU.ActiveCfg = Release|Any CPU
		{6AC93DAC-AA80-4E75-830F-48EEBED5DD1E}.Release|Any CPU.Build.0 = Release|Any CPU
	EndGlobalSection
	GlobalSection(SolutionProperties) = preSolution
		HideSolutionNode = FALSE
	EndGlobalSection
	GlobalSection(ExtensibilityGlobals) = postSolution
		SolutionGuid = {8B9EEBFA-A5DF-4B29-A527-35A948F4E8F0}
	EndGlobalSection
EndGlobal
